
Microsoft Visual Studio Solution File, Format Version 12.00
# Visual Studio Version 16
VisualStudioVersion = 16.0.28803.202
MinimumVisualStudioVersion = 10.0.40219.1
Project("{FAE04EC0-301F-11D3-BF4B-00C04F79EFBC}") = "Smoko", "Smoko.csproj", "{4331EC5C-665A-4D27-BFA7-0EC9C60BE73A}"
EndProject
Global
	GlobalSection(SolutionConfigurationPlatforms) = preSolution
		Debug|Any CPU = Debug|Any CPU
		Release|Any CPU = Release|Any CPU
	EndGlobalSection
	GlobalSection(ProjectConfigurationPlatforms) = postSolution
		{4331EC5C-665A-4D27-BFA7-0EC9C60BE73A}.Debug|Any CPU.ActiveCfg = Debug|Any CPU
		{4331EC5C-665A-4D27-BFA7-0EC9C60BE73A}.Debug|Any CPU.Build.0 = Debug|Any CPU
		{4331EC5C-665A-4D27-BFA7-0EC9C60BE73A}.Release|Any CPU.ActiveCfg = Release|Any CPU
		{4331EC5C-665A-4D27-BFA7-0EC9C60BE73A}.Release|Any CPU.Build.0 = Release|Any CPU
	EndGlobalSection
	GlobalSection(SolutionProperties) = preSolution
		HideSolutionNode = FALSE
	EndGlobalSection
	GlobalSection(ExtensibilityGlobals) = postSolution
		SolutionGuid = {EC10A5C0-E64E-4A2A-B535-34CC484302F4}
	EndGlobalSection
EndGlobal
